
Microsoft Visual Studio Solution File, Format Version 12.00
# Visual Studio Version 16
VisualStudioVersion = 16.0.28803.202
MinimumVisualStudioVersion = 10.0.40219.1
Project("{FAE04EC0-301F-11D3-BF4B-00C04F79EFBC}") = "Лабораторная работа", "Лабораторная работа.csproj", "{C24AAF6F-2188-4377-8856-63588E998E3C}"
EndProject
Project("{2150E333-8FDC-42A3-9474-1A3956D46DE8}") = "Сборка", "Сборка", "{2BC6064C-D785-4F84-9916-88D7999A1604}"
	ProjectSection(SolutionItems) = preProject
		bin\Debug\Лабораторная работа.exe = bin\Debug\Лабораторная работа.exe
		bin\Debug\Лабораторная работа.exe.config = bin\Debug\Лабораторная работа.exe.config
		bin\Debug\Лабораторная работа.pdb = bin\Debug\Лабораторная работа.pdb
	EndProjectSection
EndProject
Global
	GlobalSection(SolutionConfigurationPlatforms) = preSolution
		Debug|Any CPU = Debug|Any CPU
		Release|Any CPU = Release|Any CPU
	EndGlobalSection
	GlobalSection(ProjectConfigurationPlatforms) = postSolution
		{C24AAF6F-2188-4377-8856-63588E998E3C}.Debug|Any CPU.ActiveCfg = Debug|Any CPU
		{C24AAF6F-2188-4377-8856-63588E998E3C}.Debug|Any CPU.Build.0 = Debug|Any CPU
		{C24AAF6F-2188-4377-8856-63588E998E3C}.Release|Any CPU.ActiveCfg = Release|Any CPU
		{C24AAF6F-2188-4377-8856-63588E998E3C}.Release|Any CPU.Build.0 = Release|Any CPU
	EndGlobalSection
	GlobalSection(SolutionProperties) = preSolution
		HideSolutionNode = FALSE
	EndGlobalSection
	GlobalSection(ExtensibilityGlobals) = postSolution
		SolutionGuid = {F5954132-3A6C-402F-A26A-7784E0F66B99}
	EndGlobalSection
EndGlobal
